
Microsoft Visual Studio Solution File, Format Version 12.00
# Visual Studio Version 17
VisualStudioVersion = 17.2.32602.215
MinimumVisualStudioVersion = 10.0.40219.1
Project("{FAE04EC0-301F-11D3-BF4B-00C04F79EFBC}") = "shoppingListLab", "shoppingListLab\shoppingListLab.csproj", "{EC17BC5F-17CE-485C-A244-B9CA77DF325B}"
EndProject
Global
	GlobalSection(SolutionConfigurationPlatforms) = preSolution
		Debug|Any CPU = Debug|Any CPU
		Release|Any CPU = Release|Any CPU
	EndGlobalSection
	GlobalSection(ProjectConfigurationPlatforms) = postSolution
		{EC17BC5F-17CE-485C-A244-B9CA77DF325B}.Debug|Any CPU.ActiveCfg = Debug|Any CPU
		{EC17BC5F-17CE-485C-A244-B9CA77DF325B}.Debug|Any CPU.Build.0 = Debug|Any CPU
		{EC17BC5F-17CE-485C-A244-B9CA77DF325B}.Release|Any CPU.ActiveCfg = Release|Any CPU
		{EC17BC5F-17CE-485C-A244-B9CA77DF325B}.Release|Any CPU.Build.0 = Release|Any CPU
	EndGlobalSection
	GlobalSection(SolutionProperties) = preSolution
		HideSolutionNode = FALSE
	EndGlobalSection
	GlobalSection(ExtensibilityGlobals) = postSolution
		SolutionGuid = {8A5E13E1-4F77-4F04-AF3B-8FA503214713}
	EndGlobalSection
EndGlobal
